// !$*UTF8*$!
{
	archiveVersion = 1;
	classes = {
	};
	objectVersion = 77;
	objects = {

/* Begin PBXBuildFile section */
		DD6965B52F41DF630027658A /* SharedPackage in Frameworks */ = {isa = PBXBuildFile; productRef = DD6965B42F41DA000027658A /* SharedPackage */; };
		DD6965B62F41DF630027658A /* PlatformImpl in Frameworks */ = {isa = PBXBuildFile; productRef = DD6965B52F41DA000027658A /* PlatformImpl */; };
		DD6965B72F41DF630027658A /* DomainImpl in Frameworks */ = {isa = PBXBuildFile; productRef = DD6965B62F41DA000027658A /* DomainImpl */; };
		DD6965B82F41DF630027658A /* FeatureImpl in Frameworks */ = {isa = PBXBuildFile; productRef = DD6965B72F41DA000027658A /* FeatureImpl */; };
		DD6965B92F41DF630027658A /* Platform in Frameworks */ = {isa = PBXBuildFile; productRef = DD6965B82F41DA000027658A /* Platform */; };
		DD6965BA2F41DF630027658A /* Domain in Frameworks */ = {isa = PBXBuildFile; productRef = DD6965B92F41DA000027658A /* Domain */; };
		DD6965BB2F41DF630027658A /* Feature in Frameworks */ = {isa = PBXBuildFile; productRef = DD6965BA2F41DA000027658A /* Feature */; };
		DD6965BC2F41DF630027658A /* Entity in Frameworks */ = {isa = PBXBuildFile; productRef = DD6965BB2F41DA000027658A /* Entity */; };
/* End PBXBuildFile section */

/* Begin PBXFileReference section */
		DD6965952F41D99D0027658A /* Repos.app */ = {isa = PBXFileReference; explicitFileType = wrapper.application; includeInIndex = 0; path = Repos.app; sourceTree = BUILT_PRODUCTS_DIR; };
/* End PBXFileReference section */

/* Begin PBXFileSystemSynchronizedRootGroup section */
		DD6965972F41D99D0027658A /* Repos */ = {
			isa = PBXFileSystemSynchronizedRootGroup;
			path = Repos;
			sourceTree = "<group>";
		};
/* End PBXFileSystemSynchronizedRootGroup section */

/* Begin PBXFrameworksBuildPhase section */
		DD6965922F41D99D0027658A /* Frameworks */ = {
			isa = PBXFrameworksBuildPhase;
			buildActionMask = 2147483647;
			files = (
				DD6965BC2F41DF630027658A /* Entity in Frameworks */,
				DD6965BB2F41DF630027658A /* Search in Frameworks */,
				DD6965BA2F41DF630027658A /* Domain in Frameworks */,
				DD6965B92F41DF630027658A /* Platform in Frameworks */,
				DD6965B82F41DF630027658A /* SearchImpl in Frameworks */,
				DD6965B72F41DF630027658A /* DomainImpl in Frameworks */,
				DD6965B62F41DF630027658A /* PlatformImpl in Frameworks */,
				DD6965B52F41DF630027658A /* SharedPackage in Frameworks */,
			);
			runOnlyForDeploymentPostprocessing = 0;
		};
/* End PBXFrameworksBuildPhase section */

/* Begin PBXGroup section */
		DD69658C2F41D99D0027658A = {
			isa = PBXGroup;
			children = (
				DD6965972F41D99D0027658A /* Repos */,
				DD6965962F41D99D0027658A /* Products */,
			);
			sourceTree = "<group>";
		};
		DD6965962F41D99D0027658A /* Products */ = {
			isa = PBXGroup;
			children = (
				DD6965952F41D99D0027658A /* Repos.app */,
			);
			name = Products;
			sourceTree = "<group>";
		};
/* End PBXGroup section */

/* Begin PBXNativeTarget section */
		DD6965942F41D99D0027658A /* Repos */ = {
			isa = PBXNativeTarget;
			buildConfigurationList = DD6965A02F41D99E0027658A /* Build configuration list for PBXNativeTarget "Repos" */;
			buildPhases = (
				DD6965912F41D99D0027658A /* Sources */,
				DD6965922F41D99D0027658A /* Frameworks */,
				DD6965932F41D99D0027658A /* Resources */,
			);
			buildRules = (
			);
			dependencies = (
			);
			fileSystemSynchronizedGroups = (
				DD6965972F41D99D0027658A /* Repos */,
			);
			name = Repos;
			packageProductDependencies = (
				DD6965B42F41DA000027658A /* SharedPackage */,
				DD6965B52F41DA000027658A /* PlatformImpl */,
				DD6965B62F41DA000027658A /* DomainImpl */,
				DD6965B72F41DA000027658A /* SearchImpl */,
				DD6965B82F41DA000027658A /* Platform */,
				DD6965B92F41DA000027658A /* Domain */,
				DD6965BA2F41DA000027658A /* Search */,
				DD6965BB2F41DA000027658A /* Entity */,
			);
			productName = Repos;
			productReference = DD6965952F41D99D0027658A /* Repos.app */;
			productType = "com.apple.product-type.application";
		};
/* End PBXNativeTarget section */

/* Begin PBXProject section */
		DD69658D2F41D99D0027658A /* Project object */ = {
			isa = PBXProject;
			attributes = {
				BuildIndependentTargetsInParallel = 1;
				LastSwiftUpdateCheck = 2620;
				LastUpgradeCheck = 2620;
				TargetAttributes = {
					DD6965942F41D99D0027658A = {
						CreatedOnToolsVersion = 26.2;
					};
				};
			};
			buildConfigurationList = DD6965902F41D99D0027658A /* Build configuration list for PBXProject "Repos" */;
			developmentRegion = en;
			hasScannedForEncodings = 0;
			knownRegions = (
				en,
				Base,
			);
			mainGroup = DD69658C2F41D99D0027658A;
			minimizedProjectReferenceProxies = 1;
			packageReferences = (
				DD6965B02F41DA000027658A /* XCLocalSwiftPackageReference "SharedPackage" */,
				DD6965B12F41DA000027658A /* XCLocalSwiftPackageReference "Platform" */,
				DD6965B22F41DA000027658A /* XCLocalSwiftPackageReference "Domain" */,
				DD6965B32F41DA000027658A /* XCLocalSwiftPackageReference "Feature" */,
			);
			preferredProjectObjectVersion = 77;
			productRefGroup = DD6965962F41D99D0027658A /* Products */;
			projectDirPath = "";
			projectRoot = "";
			targets = (
				DD6965942F41D99D0027658A /* Repos */,
			);
		};
/* End PBXProject section */

/* Begin PBXResourcesBuildPhase section */
		DD6965932F41D99D0027658A /* Resources */ = {
			isa = PBXResourcesBuildPhase;
			buildActionMask = 2147483647;
			files = (
			);
			runOnlyForDeploymentPostprocessing = 0;
		};
/* End PBXResourcesBuildPhase section */

/* Begin PBXSourcesBuildPhase section */
		DD6965912F41D99D0027658A /* Sources */ = {
			isa = PBXSourcesBuildPhase;
			buildActionMask = 2147483647;
			files = (
			);
			runOnlyForDeploymentPostprocessing = 0;
		};
/* End PBXSourcesBuildPhase section */

/* Begin XCBuildConfiguration section */
		DD69659E2F41D99E0027658A /* Debug */ = {
			isa = XCBuildConfiguration;
			buildSettings = {
				ALWAYS_SEARCH_USER_PATHS = NO;
				ASSETCATALOG_COMPILER_GENERATE_SWIFT_ASSET_SYMBOL_EXTENSIONS = YES;
				CLANG_ANALYZER_NONNULL = YES;
				CLANG_ANALYZER_NUMBER_OBJECT_CONVERSION = YES_AGGRESSIVE;
				CLANG_CXX_LANGUAGE_STANDARD = "gnu++20";
				CLANG_ENABLE_MODULES = YES;
				CLANG_ENABLE_OBJC_ARC = YES;
				CLANG_ENABLE_OBJC_WEAK = YES;
				CLANG_WARN_BLOCK_CAPTURE_AUTORELEASING = YES;
				CLANG_WARN_BOOL_CONVERSION = YES;
				CLANG_WARN_COMMA = YES;
				CLANG_WARN_CONSTANT_CONVERSION = YES;
				CLANG_WARN_DEPRECATED_OBJC_IMPLEMENTATIONS = YES;
				CLANG_WARN_DIRECT_OBJC_ISA_USAGE = YES_ERROR;
				CLANG_WARN_DOCUMENTATION_COMMENTS = YES;
				CLANG_WARN_EMPTY_BODY = YES;
				CLANG_WARN_ENUM_CONVERSION = YES;
				CLANG_WARN_INFINITE_RECURSION = YES;
				CLANG_WARN_INT_CONVERSION = YES;
				CLANG_WARN_NON_LITERAL_NULL_CONVERSION = YES;
				CLANG_WARN_OBJC_IMPLICIT_RETAIN_SELF = YES;
				CLANG_WARN_OBJC_LITERAL_CONVERSION = YES;
				CLANG_WARN_OBJC_ROOT_CLASS = YES_ERROR;
				CLANG_WARN_QUOTED_INCLUDE_IN_FRAMEWORK_HEADER = YES;
				CLANG_WARN_RANGE_LOOP_ANALYSIS = YES;
				CLANG_WARN_STRICT_PROTOTYPES = YES;
				CLANG_WARN_SUSPICIOUS_MOVE = YES;
				CLANG_WARN_UNGUARDED_AVAILABILITY = YES_AGGRESSIVE;
				CLANG_WARN_UNREACHABLE_CODE = YES;
				CLANG_WARN__DUPLICATE_METHOD_MATCH = YES;
				COPY_PHASE_STRIP = NO;
				DEBUG_INFORMATION_FORMAT = dwarf;
				DEVELOPMENT_TEAM = 47RZ4GF77T;
				ENABLE_STRICT_OBJC_MSGSEND = YES;
				ENABLE_TESTABILITY = YES;
				ENABLE_USER_SCRIPT_SANDBOXING = YES;
				GCC_C_LANGUAGE_STANDARD = gnu17;
				GCC_DYNAMIC_NO_PIC = NO;
				GCC_NO_COMMON_BLOCKS = YES;
				GCC_OPTIMIZATION_LEVEL = 0;
				GCC_PREPROCESSOR_DEFINITIONS = (
					"DEBUG=1",
					"$(inherited)",
				);
				GCC_WARN_64_TO_32_BIT_CONVERSION = YES;
				GCC_WARN_ABOUT_RETURN_TYPE = YES_ERROR;
				GCC_WARN_UNDECLARED_SELECTOR = YES;
				GCC_WARN_UNINITIALIZED_AUTOS = YES_AGGRESSIVE;
				GCC_WARN_UNUSED_FUNCTION = YES;
				GCC_WARN_UNUSED_VARIABLE = YES;
				IPHONEOS_DEPLOYMENT_TARGET = 26.2;
				LOCALIZATION_PREFERS_STRING_CATALOGS = YES;
				MTL_ENABLE_DEBUG_INFO = INCLUDE_SOURCE;
				MTL_FAST_MATH = YES;
				ONLY_ACTIVE_ARCH = YES;
				SDKROOT = iphoneos;
				SWIFT_ACTIVE_COMPILATION_CONDITIONS = "DEBUG $(inherited)";
				SWIFT_OPTIMIZATION_LEVEL = "-Onone";
			};
			name = Debug;
		};
		DD69659F2F41D99E0027658A /* Release */ = {
			isa = XCBuildConfiguration;
			buildSettings = {
				ALWAYS_SEARCH_USER_PATHS = NO;
				ASSETCATALOG_COMPILER_GENERATE_SWIFT_ASSET_SYMBOL_EXTENSIONS = YES;
				CLANG_ANALYZER_NONNULL = YES;
				CLANG_ANALYZER_NUMBER_OBJECT_CONVERSION = YES_AGGRESSIVE;
				CLANG_CXX_LANGUAGE_STANDARD = "gnu++20";
				CLANG_ENABLE_MODULES = YES;
				CLANG_ENABLE_OBJC_ARC = YES;
				CLANG_ENABLE_OBJC_WEAK = YES;
				CLANG_WARN_BLOCK_CAPTURE_AUTORELEASING = YES;
				CLANG_WARN_BOOL_CONVERSION = YES;
				CLANG_WARN_COMMA = YES;
				CLANG_WARN_CONSTANT_CONVERSION = YES;
				CLANG_WARN_DEPRECATED_OBJC_IMPLEMENTATIONS = YES;
				CLANG_WARN_DIRECT_OBJC_ISA_USAGE = YES_ERROR;
				CLANG_WARN_DOCUMENTATION_COMMENTS = YES;
				CLANG_WARN_EMPTY_BODY = YES;
				CLANG_WARN_ENUM_CONVERSION = YES;
				CLANG_WARN_INFINITE_RECURSION = YES;
				CLANG_WARN_INT_CONVERSION = YES;
				CLANG_WARN_NON_LITERAL_NULL_CONVERSION = YES;
				CLANG_WARN_OBJC_IMPLICIT_RETAIN_SELF = YES;
				CLANG_WARN_OBJC_LITERAL_CONVERSION = YES;
				CLANG_WARN_OBJC_ROOT_CLASS = YES_ERROR;
				CLANG_WARN_QUOTED_INCLUDE_IN_FRAMEWORK_HEADER = YES;
				CLANG_WARN_RANGE_LOOP_ANALYSIS = YES;
				CLANG_WARN_STRICT_PROTOTYPES = YES;
				CLANG_WARN_SUSPICIOUS_MOVE = YES;
				CLANG_WARN_UNGUARDED_AVAILABILITY = YES_AGGRESSIVE;
				CLANG_WARN_UNREACHABLE_CODE = YES;
				CLANG_WARN__DUPLICATE_METHOD_MATCH = YES;
				COPY_PHASE_STRIP = NO;
				DEBUG_INFORMATION_FORMAT = "dwarf-with-dsym";
				DEVELOPMENT_TEAM = 47RZ4GF77T;
				ENABLE_NS_ASSERTIONS = NO;
				ENABLE_STRICT_OBJC_MSGSEND = YES;
				ENABLE_USER_SCRIPT_SANDBOXING = YES;
				GCC_C_LANGUAGE_STANDARD = gnu17;
				GCC_NO_COMMON_BLOCKS = YES;
				GCC_WARN_64_TO_32_BIT_CONVERSION = YES;
				GCC_WARN_ABOUT_RETURN_TYPE = YES_ERROR;
				GCC_WARN_UNDECLARED_SELECTOR = YES;
				GCC_WARN_UNINITIALIZED_AUTOS = YES_AGGRESSIVE;
				GCC_WARN_UNUSED_FUNCTION = YES;
				GCC_WARN_UNUSED_VARIABLE = YES;
				IPHONEOS_DEPLOYMENT_TARGET = 26.2;
				LOCALIZATION_PREFERS_STRING_CATALOGS = YES;
				MTL_ENABLE_DEBUG_INFO = NO;
				MTL_FAST_MATH = YES;
				SDKROOT = iphoneos;
				SWIFT_COMPILATION_MODE = wholemodule;
				VALIDATE_PRODUCT = YES;
			};
			name = Release;
		};
		DD6965A12F41D99E0027658A /* Debug */ = {
			isa = XCBuildConfiguration;
			buildSettings = {
				ASSETCATALOG_COMPILER_APPICON_NAME = AppIcon;
				ASSETCATALOG_COMPILER_GLOBAL_ACCENT_COLOR_NAME = AccentColor;
				CODE_SIGN_STYLE = Automatic;
				CURRENT_PROJECT_VERSION = 1;
				DEVELOPMENT_TEAM = 47RZ4GF77T;
				ENABLE_PREVIEWS = YES;
				GENERATE_INFOPLIST_FILE = YES;
				INFOPLIST_KEY_UIApplicationSceneManifest_Generation = YES;
				INFOPLIST_KEY_UIApplicationSupportsIndirectInputEvents = YES;
				INFOPLIST_KEY_UILaunchScreen_Generation = YES;
				INFOPLIST_KEY_UISupportedInterfaceOrientations_iPad = "UIInterfaceOrientationPortrait UIInterfaceOrientationPortraitUpsideDown UIInterfaceOrientationLandscapeLeft UIInterfaceOrientationLandscapeRight";
				INFOPLIST_KEY_UISupportedInterfaceOrientations_iPhone = "UIInterfaceOrientationPortrait UIInterfaceOrientationLandscapeLeft UIInterfaceOrientationLandscapeRight";
				LD_RUNPATH_SEARCH_PATHS = (
					"$(inherited)",
					"@executable_path/Frameworks",
				);
				MARKETING_VERSION = 1.0;
				PRODUCT_BUNDLE_IDENTIFIER = com.ayden.Repos;
				PRODUCT_NAME = "$(TARGET_NAME)";
				STRING_CATALOG_GENERATE_SYMBOLS = YES;
				SWIFT_APPROACHABLE_CONCURRENCY = YES;
				SWIFT_DEFAULT_ACTOR_ISOLATION = MainActor;
				SWIFT_EMIT_LOC_STRINGS = YES;
				SWIFT_UPCOMING_FEATURE_MEMBER_IMPORT_VISIBILITY = YES;
				SWIFT_VERSION = 5.0;
				TARGETED_DEVICE_FAMILY = "1,2";
			};
			name = Debug;
		};
		DD6965A22F41D99E0027658A /* Release */ = {
			isa = XCBuildConfiguration;
			buildSettings = {
				ASSETCATALOG_COMPILER_APPICON_NAME = AppIcon;
				ASSETCATALOG_COMPILER_GLOBAL_ACCENT_COLOR_NAME = AccentColor;
				CODE_SIGN_STYLE = Automatic;
				CURRENT_PROJECT_VERSION = 1;
				DEVELOPMENT_TEAM = 47RZ4GF77T;
				ENABLE_PREVIEWS = YES;
				GENERATE_INFOPLIST_FILE = YES;
				INFOPLIST_KEY_UIApplicationSceneManifest_Generation = YES;
				INFOPLIST_KEY_UIApplicationSupportsIndirectInputEvents = YES;
				INFOPLIST_KEY_UILaunchScreen_Generation = YES;
				INFOPLIST_KEY_UISupportedInterfaceOrientations_iPad = "UIInterfaceOrientationPortrait UIInterfaceOrientationPortraitUpsideDown UIInterfaceOrientationLandscapeLeft UIInterfaceOrientationLandscapeRight";
				INFOPLIST_KEY_UISupportedInterfaceOrientations_iPhone = "UIInterfaceOrientationPortrait UIInterfaceOrientationLandscapeLeft UIInterfaceOrientationLandscapeRight";
				LD_RUNPATH_SEARCH_PATHS = (
					"$(inherited)",
					"@executable_path/Frameworks",
				);
				MARKETING_VERSION = 1.0;
				PRODUCT_BUNDLE_IDENTIFIER = com.ayden.Repos;
				PRODUCT_NAME = "$(TARGET_NAME)";
				STRING_CATALOG_GENERATE_SYMBOLS = YES;
				SWIFT_APPROACHABLE_CONCURRENCY = YES;
				SWIFT_DEFAULT_ACTOR_ISOLATION = MainActor;
				SWIFT_EMIT_LOC_STRINGS = YES;
				SWIFT_UPCOMING_FEATURE_MEMBER_IMPORT_VISIBILITY = YES;
				SWIFT_VERSION = 5.0;
				TARGETED_DEVICE_FAMILY = "1,2";
			};
			name = Release;
		};
/* End XCBuildConfiguration section */

/* Begin XCConfigurationList section */
		DD6965902F41D99D0027658A /* Build configuration list for PBXProject "Repos" */ = {
			isa = XCConfigurationList;
			buildConfigurations = (
				DD69659E2F41D99E0027658A /* Debug */,
				DD69659F2F41D99E0027658A /* Release */,
			);
			defaultConfigurationIsVisible = 0;
			defaultConfigurationName = Release;
		};
		DD6965A02F41D99E0027658A /* Build configuration list for PBXNativeTarget "Repos" */ = {
			isa = XCConfigurationList;
			buildConfigurations = (
				DD6965A12F41D99E0027658A /* Debug */,
				DD6965A22F41D99E0027658A /* Release */,
			);
			defaultConfigurationIsVisible = 0;
			defaultConfigurationName = Release;
		};
/* End XCConfigurationList section */

/* Begin XCLocalSwiftPackageReference section */
		DD6965B02F41DA000027658A /* XCLocalSwiftPackageReference "SharedPackage" */ = {
			isa = XCLocalSwiftPackageReference;
			relativePath = SharedPackage;
		};
		DD6965B12F41DA000027658A /* XCLocalSwiftPackageReference "Platform" */ = {
			isa = XCLocalSwiftPackageReference;
			relativePath = Platform;
		};
		DD6965B22F41DA000027658A /* XCLocalSwiftPackageReference "Domain" */ = {
			isa = XCLocalSwiftPackageReference;
			relativePath = Domain;
		};
		DD6965B32F41DA000027658A /* XCLocalSwiftPackageReference "Feature" */ = {
			isa = XCLocalSwiftPackageReference;
			relativePath = Feature;
		};
/* End XCLocalSwiftPackageReference section */

/* Begin XCSwiftPackageProductDependency section */
		DD6965B42F41DA000027658A /* SharedPackage */ = {
			isa = XCSwiftPackageProductDependency;
			productName = SharedPackage;
		};
		DD6965B52F41DA000027658A /* PlatformImpl */ = {
			isa = XCSwiftPackageProductDependency;
			productName = PlatformImpl;
		};
		DD6965B62F41DA000027658A /* DomainImpl */ = {
			isa = XCSwiftPackageProductDependency;
			productName = DomainImpl;
		};
		DD6965B72F41DA000027658A /* FeatureImpl */ = {
			isa = XCSwiftPackageProductDependency;
			productName = FeatureImpl;
		};
		DD6965B82F41DA000027658A /* Platform */ = {
			isa = XCSwiftPackageProductDependency;
			productName = Platform;
		};
		DD6965B92F41DA000027658A /* Domain */ = {
			isa = XCSwiftPackageProductDependency;
			productName = Domain;
		};
		DD6965BA2F41DA000027658A /* Feature */ = {
			isa = XCSwiftPackageProductDependency;
			productName = Feature;
		};
		DD6965BB2F41DA000027658A /* Entity */ = {
			isa = XCSwiftPackageProductDependency;
			productName = Entity;
		};
/* End XCSwiftPackageProductDependency section */
	};
	rootObject = DD69658D2F41D99D0027658A /* Project object */;
}
